
Microsoft Visual Studio Solution File, Format Version 12.00
# Visual Studio Version 17
VisualStudioVersion = 17.7.34024.191
MinimumVisualStudioVersion = 10.0.40219.1
Project("{2150E333-8FDC-42A3-9474-1A3956D46DE8}") = "FrontEnd", "FrontEnd", "{78509CDE-F30E-481F-AAB6-6F9C91A7F03A}"
EndProject
Project("{2150E333-8FDC-42A3-9474-1A3956D46DE8}") = "GateWay", "GateWay", "{EC2D3F7F-DB2B-442D-B70B-87FF7D5A561D}"
EndProject
Project("{2150E333-8FDC-42A3-9474-1A3956D46DE8}") = "Integrations", "Integrations", "{E264A0EE-1BC6-4C2C-AEE4-F833EDA0C88C}"
EndProject
Project("{2150E333-8FDC-42A3-9474-1A3956D46DE8}") = "Services", "Services", "{3898F5F5-8940-43E6-B457-BCD7510D99E7}"
EndProject
Project("{9A19103F-16F7-4668-BE54-9A1E7A4F7556}") = "Mango.Services.CouponAPI", "Mango.Services.CouponAPI\Mango.Services.CouponAPI\Mango.Services.CouponAPI.csproj", "{DC4E3D40-9DC2-4D30-8294-14446DB72409}"
EndProject
Project("{9A19103F-16F7-4668-BE54-9A1E7A4F7556}") = "MCoupon.Web", "Mango.Web\MCoupon.Web.csproj", "{39D7765E-CD43-480F-B825-183F6A9CBAA1}"
EndProject
Project("{9A19103F-16F7-4668-BE54-9A1E7A4F7556}") = "Mango.Services.AuthAPI", "Mango.Services.AuthAPI\Mango.Services.AuthAPI.csproj", "{DB8A7E9D-02E4-43AF-B96F-E37B191554CE}"
EndProject
Project("{9A19103F-16F7-4668-BE54-9A1E7A4F7556}") = "Mango.Services.ProductAPI", "Mango.Services.ProductAPI\Mango.Services.ProductAPI.csproj", "{FBB7208E-F400-4937-AB24-117E3FB373C6}"
EndProject
Project("{9A19103F-16F7-4668-BE54-9A1E7A4F7556}") = "Mango.Services.ShoppingCartAPI", "Mango.Services.ShoppingCartAPI\Mango.Services.ShoppingCartAPI.csproj", "{FD196C22-6210-43B4-90A1-71E2375639D8}"
EndProject
Project("{9A19103F-16F7-4668-BE54-9A1E7A4F7556}") = "Mango.MessageBus", "Mango.MessageBus\Mango.MessageBus.csproj", "{BBA0AA99-0681-48BB-AF91-0B2AF49CC600}"
EndProject
Project("{9A19103F-16F7-4668-BE54-9A1E7A4F7556}") = "Mango.Services.EmailAPI", "Mango.Services.EmailAPI\Mango.Services.EmailAPI.csproj", "{DC0E29CF-7CBD-4D31-917B-07F8F55E6625}"
EndProject
Project("{FAE04EC0-301F-11D3-BF4B-00C04F79EFBC}") = "Mango.Services.OrderAPI", "Mango.Services.OrderAPI\Mango.Services.OrderAPI.csproj", "{605B66A0-8F5E-44CF-A058-07C56086E9CB}"
EndProject
Global
	GlobalSection(SolutionConfigurationPlatforms) = preSolution
		Debug|Any CPU = Debug|Any CPU
		Release|Any CPU = Release|Any CPU
	EndGlobalSection
	GlobalSection(ProjectConfigurationPlatforms) = postSolution
		{DC4E3D40-9DC2-4D30-8294-14446DB72409}.Debug|Any CPU.ActiveCfg = Debug|Any CPU
		{DC4E3D40-9DC2-4D30-8294-14446DB72409}.Debug|Any CPU.Build.0 = Debug|Any CPU
		{DC4E3D40-9DC2-4D30-8294-14446DB72409}.Release|Any CPU.ActiveCfg = Release|Any CPU
		{DC4E3D40-9DC2-4D30-8294-14446DB72409}.Release|Any CPU.Build.0 = Release|Any CPU
		{39D7765E-CD43-480F-B825-183F6A9CBAA1}.Debug|Any CPU.ActiveCfg = Debug|Any CPU
		{39D7765E-CD43-480F-B825-183F6A9CBAA1}.Debug|Any CPU.Build.0 = Debug|Any CPU
		{39D7765E-CD43-480F-B825-183F6A9CBAA1}.Release|Any CPU.ActiveCfg = Release|Any CPU
		{39D7765E-CD43-480F-B825-183F6A9CBAA1}.Release|Any CPU.Build.0 = Release|Any CPU
		{DB8A7E9D-02E4-43AF-B96F-E37B191554CE}.Debug|Any CPU.ActiveCfg = Debug|Any CPU
		{DB8A7E9D-02E4-43AF-B96F-E37B191554CE}.Debug|Any CPU.Build.0 = Debug|Any CPU
		{DB8A7E9D-02E4-43AF-B96F-E37B191554CE}.Release|Any CPU.ActiveCfg = Release|Any CPU
		{DB8A7E9D-02E4-43AF-B96F-E37B191554CE}.Release|Any CPU.Build.0 = Release|Any CPU
		{FBB7208E-F400-4937-AB24-117E3FB373C6}.Debug|Any CPU.ActiveCfg = Debug|Any CPU
		{FBB7208E-F400-4937-AB24-117E3FB373C6}.Debug|Any CPU.Build.0 = Debug|Any CPU
		{FBB7208E-F400-4937-AB24-117E3FB373C6}.Release|Any CPU.ActiveCfg = Release|Any CPU
		{FBB7208E-F400-4937-AB24-117E3FB373C6}.Release|Any CPU.Build.0 = Release|Any CPU
		{FD196C22-6210-43B4-90A1-71E2375639D8}.Debug|Any CPU.ActiveCfg = Debug|Any CPU
		{FD196C22-6210-43B4-90A1-71E2375639D8}.Debug|Any CPU.Build.0 = Debug|Any CPU
		{FD196C22-6210-43B4-90A1-71E2375639D8}.Release|Any CPU.ActiveCfg = Release|Any CPU
		{FD196C22-6210-43B4-90A1-71E2375639D8}.Release|Any CPU.Build.0 = Release|Any CPU
		{BBA0AA99-0681-48BB-AF91-0B2AF49CC600}.Debug|Any CPU.ActiveCfg = Debug|Any CPU
		{BBA0AA99-0681-48BB-AF91-0B2AF49CC600}.Debug|Any CPU.Build.0 = Debug|Any CPU
		{BBA0AA99-0681-48BB-AF91-0B2AF49CC600}.Release|Any CPU.ActiveCfg = Release|Any CPU
		{BBA0AA99-0681-48BB-AF91-0B2AF49CC600}.Release|Any CPU.Build.0 = Release|Any CPU
		{DC0E29CF-7CBD-4D31-917B-07F8F55E6625}.Debug|Any CPU.ActiveCfg = Debug|Any CPU
		{DC0E29CF-7CBD-4D31-917B-07F8F55E6625}.Debug|Any CPU.Build.0 = Debug|Any CPU
		{DC0E29CF-7CBD-4D31-917B-07F8F55E6625}.Release|Any CPU.ActiveCfg = Release|Any CPU
		{DC0E29CF-7CBD-4D31-917B-07F8F55E6625}.Release|Any CPU.Build.0 = Release|Any CPU
		{605B66A0-8F5E-44CF-A058-07C56086E9CB}.Debug|Any CPU.ActiveCfg = Debug|Any CPU
		{605B66A0-8F5E-44CF-A058-07C56086E9CB}.Debug|Any CPU.Build.0 = Debug|Any CPU
		{605B66A0-8F5E-44CF-A058-07C56086E9CB}.Release|Any CPU.ActiveCfg = Release|Any CPU
		{605B66A0-8F5E-44CF-A058-07C56086E9CB}.Release|Any CPU.Build.0 = Release|Any CPU
	EndGlobalSection
	GlobalSection(SolutionProperties) = preSolution
		HideSolutionNode = FALSE
	EndGlobalSection
	GlobalSection(NestedProjects) = preSolution
		{DC4E3D40-9DC2-4D30-8294-14446DB72409} = {3898F5F5-8940-43E6-B457-BCD7510D99E7}
		{39D7765E-CD43-480F-B825-183F6A9CBAA1} = {78509CDE-F30E-481F-AAB6-6F9C91A7F03A}
		{DB8A7E9D-02E4-43AF-B96F-E37B191554CE} = {3898F5F5-8940-43E6-B457-BCD7510D99E7}
		{FBB7208E-F400-4937-AB24-117E3FB373C6} = {3898F5F5-8940-43E6-B457-BCD7510D99E7}
		{FD196C22-6210-43B4-90A1-71E2375639D8} = {3898F5F5-8940-43E6-B457-BCD7510D99E7}
		{BBA0AA99-0681-48BB-AF91-0B2AF49CC600} = {E264A0EE-1BC6-4C2C-AEE4-F833EDA0C88C}
		{DC0E29CF-7CBD-4D31-917B-07F8F55E6625} = {3898F5F5-8940-43E6-B457-BCD7510D99E7}
		{605B66A0-8F5E-44CF-A058-07C56086E9CB} = {3898F5F5-8940-43E6-B457-BCD7510D99E7}
	EndGlobalSection
	GlobalSection(ExtensibilityGlobals) = postSolution
		SolutionGuid = {9C27FCC3-8D04-4CA7-AE2E-FB12E54A79FE}
	EndGlobalSection
EndGlobal
